
Microsoft Visual Studio Solution File, Format Version 12.00
# Visual Studio 15
Project("{FAE04EC0-301F-11D3-BF4B-00C04F79EFBC}") = "Assembly-CSharp", "Assembly-CSharp.csproj", "{7174C5B3-5CF4-4D2B-6DDF-E9366B732E0D}"
EndProject
Project("{FAE04EC0-301F-11D3-BF4B-00C04F79EFBC}") = "Assembly-CSharp-firstpass", "Assembly-CSharp-firstpass.csproj", "{8B6A5E8E-10FB-614D-1F6E-D8ED0EEC5CD5}"
EndProject
Project("{FAE04EC0-301F-11D3-BF4B-00C04F79EFBC}") = "Assembly-CSharp-Editor-firstpass", "Assembly-CSharp-Editor-firstpass.csproj", "{18B403C7-3A2E-B385-E23A-B4128A8704D5}"
EndProject
Project("{FAE04EC0-301F-11D3-BF4B-00C04F79EFBC}") = "Assembly-CSharp-Editor", "Assembly-CSharp-Editor.csproj", "{2BBCE292-FD9D-11DF-D3F4-47ACAAD81FD8}"
EndProject
Global
	GlobalSection(SolutionConfigurationPlatforms) = preSolution
		Debug|Any CPU = Debug|Any CPU
		Release|Any CPU = Release|Any CPU
	EndGlobalSection
	GlobalSection(ProjectConfigurationPlatforms) = postSolution
		{7174C5B3-5CF4-4D2B-6DDF-E9366B732E0D}.Debug|Any CPU.ActiveCfg = Debug|Any CPU
		{7174C5B3-5CF4-4D2B-6DDF-E9366B732E0D}.Debug|Any CPU.Build.0 = Debug|Any CPU
		{7174C5B3-5CF4-4D2B-6DDF-E9366B732E0D}.Release|Any CPU.ActiveCfg = Release|Any CPU
		{7174C5B3-5CF4-4D2B-6DDF-E9366B732E0D}.Release|Any CPU.Build.0 = Release|Any CPU
		{8B6A5E8E-10FB-614D-1F6E-D8ED0EEC5CD5}.Debug|Any CPU.ActiveCfg = Debug|Any CPU
		{8B6A5E8E-10FB-614D-1F6E-D8ED0EEC5CD5}.Debug|Any CPU.Build.0 = Debug|Any CPU
		{8B6A5E8E-10FB-614D-1F6E-D8ED0EEC5CD5}.Release|Any CPU.ActiveCfg = Release|Any CPU
		{8B6A5E8E-10FB-614D-1F6E-D8ED0EEC5CD5}.Release|Any CPU.Build.0 = Release|Any CPU
		{18B403C7-3A2E-B385-E23A-B4128A8704D5}.Debug|Any CPU.ActiveCfg = Debug|Any CPU
		{18B403C7-3A2E-B385-E23A-B4128A8704D5}.Debug|Any CPU.Build.0 = Debug|Any CPU
		{18B403C7-3A2E-B385-E23A-B4128A8704D5}.Release|Any CPU.ActiveCfg = Release|Any CPU
		{18B403C7-3A2E-B385-E23A-B4128A8704D5}.Release|Any CPU.Build.0 = Release|Any CPU
		{2BBCE292-FD9D-11DF-D3F4-47ACAAD81FD8}.Debug|Any CPU.ActiveCfg = Debug|Any CPU
		{2BBCE292-FD9D-11DF-D3F4-47ACAAD81FD8}.Debug|Any CPU.Build.0 = Debug|Any CPU
		{2BBCE292-FD9D-11DF-D3F4-47ACAAD81FD8}.Release|Any CPU.ActiveCfg = Release|Any CPU
		{2BBCE292-FD9D-11DF-D3F4-47ACAAD81FD8}.Release|Any CPU.Build.0 = Release|Any CPU
	EndGlobalSection
	GlobalSection(SolutionProperties) = preSolution
		HideSolutionNode = FALSE
	EndGlobalSection
EndGlobal
